
Microsoft Visual Studio Solution File, Format Version 12.00
Project("{2150E333-8FDC-42A3-9474-1A3956D46DE8}") = "Backend", "Backend", "{FC0A788D-16DF-47CD-A3F8-45347D741BE4}"
EndProject
Project("{FAE04EC0-301F-11D3-BF4B-00C04F79EFBC}") = "Chat.API", "Chat.API\Chat.API.csproj", "{5AF865DF-DEF6-4EC0-8D36-8F80259D849F}"
EndProject
Project("{2150E333-8FDC-42A3-9474-1A3956D46DE8}") = "DesktopClient", "DesktopClient", "{CA93D150-A7A3-4396-850B-30FC42FD81A5}"
EndProject
Project("{FAE04EC0-301F-11D3-BF4B-00C04F79EFBC}") = "Signal.Client.Desktop", "Signal.Client.Desktop\Signal.Client.Desktop.csproj", "{063181BE-714A-48BF-AA0B-32D9E6DD61E6}"
EndProject
Project("{FAE04EC0-301F-11D3-BF4B-00C04F79EFBC}") = "Signal.Client.Core", "Signal.Client.Core\Signal.Client.Core.csproj", "{12B32508-86AE-4901-AF7A-38DA1B3B2CE2}"
EndProject
Project("{FAE04EC0-301F-11D3-BF4B-00C04F79EFBC}") = "Signal.Client.DataBase", "Signal.Client.DataBase\Signal.Client.DataBase.csproj", "{98A09A47-DBD5-4846-9790-5F9C14E980DA}"
EndProject
Project("{FAE04EC0-301F-11D3-BF4B-00C04F79EFBC}") = "Signal.Client.Http", "Signal.Client.Http\Signal.Client.Http.csproj", "{057B051A-6951-4A3E-80C2-402AC2D64DF1}"
EndProject
Project("{FAE04EC0-301F-11D3-BF4B-00C04F79EFBC}") = "Signal.Client.Services", "Signal.Client.Services\Signal.Client.Services.csproj", "{CEEF3873-F2E3-4420-BBB0-72FD8DDCCB61}"
EndProject
Project("{FAE04EC0-301F-11D3-BF4B-00C04F79EFBC}") = "Signal.Client.Application", "Signal.Client.Application\Signal.Client.Application.csproj", "{01B566D1-13B8-4DA0-90D8-18F7FFD1BDCB}"
EndProject
Global
	GlobalSection(SolutionConfigurationPlatforms) = preSolution
		Debug|Any CPU = Debug|Any CPU
		Release|Any CPU = Release|Any CPU
	EndGlobalSection
	GlobalSection(NestedProjects) = preSolution
		{5AF865DF-DEF6-4EC0-8D36-8F80259D849F} = {FC0A788D-16DF-47CD-A3F8-45347D741BE4}
		{063181BE-714A-48BF-AA0B-32D9E6DD61E6} = {CA93D150-A7A3-4396-850B-30FC42FD81A5}
		{12B32508-86AE-4901-AF7A-38DA1B3B2CE2} = {CA93D150-A7A3-4396-850B-30FC42FD81A5}
		{98A09A47-DBD5-4846-9790-5F9C14E980DA} = {CA93D150-A7A3-4396-850B-30FC42FD81A5}
		{057B051A-6951-4A3E-80C2-402AC2D64DF1} = {CA93D150-A7A3-4396-850B-30FC42FD81A5}
		{CEEF3873-F2E3-4420-BBB0-72FD8DDCCB61} = {CA93D150-A7A3-4396-850B-30FC42FD81A5}
		{01B566D1-13B8-4DA0-90D8-18F7FFD1BDCB} = {CA93D150-A7A3-4396-850B-30FC42FD81A5}
	EndGlobalSection
	GlobalSection(ProjectConfigurationPlatforms) = postSolution
		{5AF865DF-DEF6-4EC0-8D36-8F80259D849F}.Debug|Any CPU.ActiveCfg = Debug|Any CPU
		{5AF865DF-DEF6-4EC0-8D36-8F80259D849F}.Debug|Any CPU.Build.0 = Debug|Any CPU
		{5AF865DF-DEF6-4EC0-8D36-8F80259D849F}.Release|Any CPU.ActiveCfg = Release|Any CPU
		{5AF865DF-DEF6-4EC0-8D36-8F80259D849F}.Release|Any CPU.Build.0 = Release|Any CPU
		{063181BE-714A-48BF-AA0B-32D9E6DD61E6}.Debug|Any CPU.ActiveCfg = Debug|Any CPU
		{063181BE-714A-48BF-AA0B-32D9E6DD61E6}.Debug|Any CPU.Build.0 = Debug|Any CPU
		{063181BE-714A-48BF-AA0B-32D9E6DD61E6}.Release|Any CPU.ActiveCfg = Release|Any CPU
		{063181BE-714A-48BF-AA0B-32D9E6DD61E6}.Release|Any CPU.Build.0 = Release|Any CPU
		{12B32508-86AE-4901-AF7A-38DA1B3B2CE2}.Debug|Any CPU.ActiveCfg = Debug|Any CPU
		{12B32508-86AE-4901-AF7A-38DA1B3B2CE2}.Debug|Any CPU.Build.0 = Debug|Any CPU
		{12B32508-86AE-4901-AF7A-38DA1B3B2CE2}.Release|Any CPU.ActiveCfg = Release|Any CPU
		{12B32508-86AE-4901-AF7A-38DA1B3B2CE2}.Release|Any CPU.Build.0 = Release|Any CPU
		{98A09A47-DBD5-4846-9790-5F9C14E980DA}.Debug|Any CPU.ActiveCfg = Debug|Any CPU
		{98A09A47-DBD5-4846-9790-5F9C14E980DA}.Debug|Any CPU.Build.0 = Debug|Any CPU
		{98A09A47-DBD5-4846-9790-5F9C14E980DA}.Release|Any CPU.ActiveCfg = Release|Any CPU
		{98A09A47-DBD5-4846-9790-5F9C14E980DA}.Release|Any CPU.Build.0 = Release|Any CPU
		{057B051A-6951-4A3E-80C2-402AC2D64DF1}.Debug|Any CPU.ActiveCfg = Debug|Any CPU
		{057B051A-6951-4A3E-80C2-402AC2D64DF1}.Debug|Any CPU.Build.0 = Debug|Any CPU
		{057B051A-6951-4A3E-80C2-402AC2D64DF1}.Release|Any CPU.ActiveCfg = Release|Any CPU
		{057B051A-6951-4A3E-80C2-402AC2D64DF1}.Release|Any CPU.Build.0 = Release|Any CPU
		{CEEF3873-F2E3-4420-BBB0-72FD8DDCCB61}.Debug|Any CPU.ActiveCfg = Debug|Any CPU
		{CEEF3873-F2E3-4420-BBB0-72FD8DDCCB61}.Debug|Any CPU.Build.0 = Debug|Any CPU
		{CEEF3873-F2E3-4420-BBB0-72FD8DDCCB61}.Release|Any CPU.ActiveCfg = Release|Any CPU
		{CEEF3873-F2E3-4420-BBB0-72FD8DDCCB61}.Release|Any CPU.Build.0 = Release|Any CPU
		{01B566D1-13B8-4DA0-90D8-18F7FFD1BDCB}.Debug|Any CPU.ActiveCfg = Debug|Any CPU
		{01B566D1-13B8-4DA0-90D8-18F7FFD1BDCB}.Debug|Any CPU.Build.0 = Debug|Any CPU
		{01B566D1-13B8-4DA0-90D8-18F7FFD1BDCB}.Release|Any CPU.ActiveCfg = Release|Any CPU
		{01B566D1-13B8-4DA0-90D8-18F7FFD1BDCB}.Release|Any CPU.Build.0 = Release|Any CPU
	EndGlobalSection
EndGlobal
